<?xml version="1.0" encoding="utf-8"?>
<Project ToolsVersion="4.0" xmlns="http://schemas.microsoft.com/developer/msbuild/2003">
  <ItemGroup>
    <Filter Include="소스 파일">
      <UniqueIdentifier>{4FC737F1-C7A5-4376-A066-2A32D752A2FF}</UniqueIdentifier>
      <Extensions>cpp;c;cc;cxx;c++;cppm;ixx;def;odl;idl;hpj;bat;asm;asmx</Extensions>
    </Filter>
    <Filter Include="헤더 파일">
      <UniqueIdentifier>{93995380-89BD-4b04-88EB-625FBE52EBFB}</UniqueIdentifier>
      <Extensions>h;hh;hpp;hxx;h++;hm;inl;inc;ipp;xsd</Extensions>
    </Filter>
    <Filter Include="리소스 파일">
      <UniqueIdentifier>{67DA6AB6-F800-4c08-8B7A-83BB121AAD01}</UniqueIdentifier>
      <Extensions>rc;ico;cur;bmp;dlg;rc2;rct;bin;rgs;gif;jpg;jpeg;jpe;resx;tiff;tif;png;wav;mfcribbon-ms</Extensions>
    </Filter>
    <Filter Include="00. MainGame">
      <UniqueIdentifier>{727a080b-da0e-4757-8c40-46b9ba7166c9}</UniqueIdentifier>
    </Filter>
    <Filter Include="01. Obj">
      <UniqueIdentifier>{63b3fc44-9e6f-431b-b6d7-3bc89fa56fa5}</UniqueIdentifier>
    </Filter>
    <Filter Include="02. Design">
      <UniqueIdentifier>{ffdf7463-742c-4697-8857-ab6fab52ce4b}</UniqueIdentifier>
    </Filter>
    <Filter Include="02. Design\AbstractFactory">
      <UniqueIdentifier>{0c328d06-6d44-420f-89d1-de3f32e14de9}</UniqueIdentifier>
    </Filter>
    <Filter Include="02. Design\CollisionMgr">
      <UniqueIdentifier>{6b6b3905-9a15-4c1b-bf70-df8a0a7c55fb}</UniqueIdentifier>
    </Filter>
    <Filter Include="02. Design\ObjMgr">
      <UniqueIdentifier>{b1c640ad-e248-44e9-a622-13cad04b4e32}</UniqueIdentifier>
    </Filter>
    <Filter Include="02. Design\ScrollMgr">
      <UniqueIdentifier>{03dbc8d8-4505-402a-9253-38d204e1ddb8}</UniqueIdentifier>
    </Filter>
    <Filter Include="02. Design\KeyMgr">
      <UniqueIdentifier>{8779d6fe-6532-4e76-83e3-73e5b4d613ea}</UniqueIdentifier>
    </Filter>
    <Filter Include="02. Design\BmpMgr">
      <UniqueIdentifier>{83a38fde-9229-406d-b705-065cd67fd5c6}</UniqueIdentifier>
    </Filter>
    <Filter Include="02. Design\BmpMgr\MyBitmap">
      <UniqueIdentifier>{d9285632-451b-4e4e-8147-4cc620211a1e}</UniqueIdentifier>
    </Filter>
    <Filter Include="03. Scene">
      <UniqueIdentifier>{8fa92f6c-70ac-440b-8a20-ee231fdc891f}</UniqueIdentifier>
    </Filter>
    <Filter Include="02. Design\SceneMgr">
      <UniqueIdentifier>{9932a6f8-439a-4fb4-9871-88971cdf39d7}</UniqueIdentifier>
    </Filter>
    <Filter Include="02. Design\TimeMgr">
      <UniqueIdentifier>{a97f2c2c-0aba-44ab-9602-4235bacc7608}</UniqueIdentifier>
    </Filter>
    <Filter Include="03. Scene\Menu">
      <UniqueIdentifier>{f8fad336-02fb-4620-9b26-dd577c3bfb38}</UniqueIdentifier>
    </Filter>
    <Filter Include="LSY">
      <UniqueIdentifier>{8e7aed05-3060-4d6c-8631-4758f112b759}</UniqueIdentifier>
    </Filter>
    <Filter Include="KMS">
      <UniqueIdentifier>{91ac3ffd-395e-4410-9922-6458253bf295}</UniqueIdentifier>
    </Filter>
    <Filter Include="KMS\01. Obj">
      <UniqueIdentifier>{1239b3b3-cd3a-4b37-96a9-57c9e83a50ab}</UniqueIdentifier>
    </Filter>
    <Filter Include="KJJ\01. Obj\00. Obj">
      <UniqueIdentifier>{d0155403-4075-4295-b1bc-be07fd1a9652}</UniqueIdentifier>
    </Filter>
    <Filter Include="KJJ\01. Obj\01. Player">
      <UniqueIdentifier>{b6f9ac29-2824-4019-bb87-832dcbc8d52e}</UniqueIdentifier>
    </Filter>
    <Filter Include="KJJ\01. Obj\02. Hammer">
      <UniqueIdentifier>{5788555b-90b9-47fd-abcf-f7d3d91e758e}</UniqueIdentifier>
    </Filter>
    <Filter Include="KMS\02. Scene">
      <UniqueIdentifier>{fe071216-1bc2-476e-a3db-66b1a6291d90}</UniqueIdentifier>
    </Filter>
    <Filter Include="KMS\01. Obj\Player">
      <UniqueIdentifier>{4470c11a-e47f-4422-84d0-6185c23509e7}</UniqueIdentifier>
    </Filter>
    <Filter Include="KMS\01. Obj\Player\Body">
      <UniqueIdentifier>{004fa1ba-c19f-4891-958d-c87f142f35fa}</UniqueIdentifier>
    </Filter>
    <Filter Include="KMS\01. Obj\Player\Body\Bottom">
      <UniqueIdentifier>{b715ba06-2abf-4097-bfc2-88398ea2a9a9}</UniqueIdentifier>
    </Filter>
    <Filter Include="KMS\01. Obj\Player\Body\Root">
      <UniqueIdentifier>{e226096e-2b51-43a6-ba6f-7ca4fa347728}</UniqueIdentifier>
    </Filter>
    <Filter Include="KJJ">
      <UniqueIdentifier>{0952e29d-a0bf-4eb2-aaed-c0cacd327167}</UniqueIdentifier>
    </Filter>
    <Filter Include="KJJ\00. Scene">
      <UniqueIdentifier>{82e033c7-05ae-47b9-8bc5-c8424b922933}</UniqueIdentifier>
    </Filter>
    <Filter Include="KJJ\01. Obj">
      <UniqueIdentifier>{5fdbe64f-a70f-4c2f-b29d-f960dfb95fd9}</UniqueIdentifier>
    </Filter>
    <Filter Include="KJJ\01. Obj\00. Obj">
      <UniqueIdentifier>{68723418-4c99-4f44-bb77-d399698a278f}</UniqueIdentifier>
    </Filter>
    <Filter Include="KJJ\01. Obj\01. Player">
      <UniqueIdentifier>{d78dcb6f-12a7-47e9-a622-361cb72a4c07}</UniqueIdentifier>
    </Filter>
    <Filter Include="KJJ\01. Obj\02. Hammer">
      <UniqueIdentifier>{c9d271c2-9839-4b97-8a74-455199a404d7}</UniqueIdentifier>
    </Filter>
    <Filter Include="KMS\01. Obj\Player\Body\Constraint">
      <UniqueIdentifier>{c78c0237-a564-45e8-a398-37769b6f5fa2}</UniqueIdentifier>
    </Filter>
    <Filter Include="KMS\01. Obj\Player\Body\Bottom\Left">
      <UniqueIdentifier>{523d4451-4b78-407c-bf04-90af3e3aa35e}</UniqueIdentifier>
    </Filter>
    <Filter Include="KMS\01. Obj\Player\Body\Bottom\Left\LeftLeg">
      <UniqueIdentifier>{cf6b3bd9-101b-4f9b-8cfb-4ca9bffe75e6}</UniqueIdentifier>
    </Filter>
    <Filter Include="KMS\01. Obj\Player\Body\Bottom\RIght">
      <UniqueIdentifier>{f59d8612-41c7-429e-b130-f6312d5f2871}</UniqueIdentifier>
    </Filter>
    <Filter Include="KMS\01. Obj\Player\Body\Bottom\RIght\RightLeg">
      <UniqueIdentifier>{1cb12635-0556-4660-815b-b7f7b0be3c43}</UniqueIdentifier>
    </Filter>
    <Filter Include="KJJ\01. Obj\03. Tiles">
      <UniqueIdentifier>{1d7ae214-9f13-4485-863f-1c8a0a405f0c}</UniqueIdentifier>
    </Filter>
    <Filter Include="KJJ\02. Design">
      <UniqueIdentifier>{af22b141-e150-485f-b0dd-ae08a748c86c}</UniqueIdentifier>
    </Filter>
    <Filter Include="KMS\01. Obj\Line">
      <UniqueIdentifier>{c0dc53ca-4987-4197-8572-ae52eac3e4c1}</UniqueIdentifier>
    </Filter>
    <Filter Include="KMS\01. Obj\Player\Body\Body">
      <UniqueIdentifier>{4eb295a7-1a2e-4c30-8b13-1544dc1a45f7}</UniqueIdentifier>
    </Filter>
  </ItemGroup>
  <ItemGroup>
    <ClInclude Include="framework.h">
      <Filter>헤더 파일</Filter>
    </ClInclude>
    <ClInclude Include="targetver.h">
      <Filter>헤더 파일</Filter>
    </ClInclude>
    <ClInclude Include="Resource.h">
      <Filter>헤더 파일</Filter>
    </ClInclude>
    <ClInclude Include="DefaultWindow.h">
      <Filter>헤더 파일</Filter>
    </ClInclude>
    <ClInclude Include="pch.h">
      <Filter>헤더 파일</Filter>
    </ClInclude>
    <ClInclude Include="CMainGame.h">
      <Filter>00. MainGame</Filter>
    </ClInclude>
    <ClInclude Include="Define.h">
      <Filter>헤더 파일</Filter>
    </ClInclude>
    <ClInclude Include="CObj.h">
      <Filter>01. Obj</Filter>
    </ClInclude>
    <ClInclude Include="CAbstractFactory.h">
      <Filter>02. Design\AbstractFactory</Filter>
    </ClInclude>
    <ClInclude Include="CCollisionMgr.h">
      <Filter>02. Design\CollisionMgr</Filter>
    </ClInclude>
    <ClInclude Include="CObjMgr.h">
      <Filter>02. Design\ObjMgr</Filter>
    </ClInclude>
    <ClInclude Include="CScrollMgr.h">
      <Filter>02. Design\ScrollMgr</Filter>
    </ClInclude>
    <ClInclude Include="CKeyMgr.h">
      <Filter>02. Design\KeyMgr</Filter>
    </ClInclude>
    <ClInclude Include="CMyBitmap.h">
      <Filter>02. Design\BmpMgr\MyBitmap</Filter>
    </ClInclude>
    <ClInclude Include="CBmpMgr.h">
      <Filter>02. Design\BmpMgr</Filter>
    </ClInclude>
    <ClInclude Include="CScene.h">
      <Filter>03. Scene</Filter>
    </ClInclude>
    <ClInclude Include="CSceneMgr.h">
      <Filter>02. Design\SceneMgr</Filter>
    </ClInclude>
    <ClInclude Include="CTimeMgr.h">
      <Filter>02. Design\TimeMgr</Filter>
    </ClInclude>
    <ClInclude Include="CMenu.h">
      <Filter>03. Scene\Menu</Filter>
    </ClInclude>
    <ClInclude Include="CLSYObj.h">
      <Filter>LSY</Filter>
    </ClInclude>
    <ClInclude Include="CKMSObj.h">
      <Filter>KMS\01. Obj</Filter>
    </ClInclude>
    <ClInclude Include="CKMSScene.h">
      <Filter>KMS\02. Scene</Filter>
    </ClInclude>
    <ClInclude Include="CKMSPlayer.h">
      <Filter>KMS\01. Obj\Player\Body\Root</Filter>
    </ClInclude>
    <ClInclude Include="CPelvis.h">
      <Filter>KMS\01. Obj\Player\Body\Bottom</Filter>
    </ClInclude>
    <ClInclude Include="CLeftUpLeg.h">
      <Filter>KMS\01. Obj\Player\Body\Bottom\Left\LeftLeg</Filter>
    </ClInclude>
    <ClInclude Include="CLeftDownLeg.h">
      <Filter>KMS\01. Obj\Player\Body\Bottom\Left\LeftLeg</Filter>
    </ClInclude>
    <ClInclude Include="CRightUpLeg.h">
      <Filter>KMS\01. Obj\Player\Body\Bottom\RIght\RightLeg</Filter>
    </ClInclude>
    <ClInclude Include="CKJJObj.h">
      <Filter>KJJ\01. Obj\00. Obj</Filter>
    </ClInclude>
    <ClInclude Include="CKJJ_Player.h">
      <Filter>KJJ\01. Obj\01. Player</Filter>
    </ClInclude>
    <ClInclude Include="CHammer.h">
      <Filter>KJJ\01. Obj\02. Hammer</Filter>
    </ClInclude>
    <ClInclude Include="CLSyObjFruit.h">
      <Filter>헤더 파일</Filter>
    </ClInclude>
    <ClInclude Include="CDeltaMgr.h">
      <Filter>헤더 파일</Filter>
    </ClInclude>
    <ClInclude Include="CSceneLSYTest.h">
      <Filter>헤더 파일</Filter>
    </ClInclude>
    <ClInclude Include="CKJJScene.h">
      <Filter>KJJ\00. Scene</Filter>
    </ClInclude>
    <ClInclude Include="CConstraint.h">
      <Filter>KMS\01. Obj\Player\Body\Constraint</Filter>
    </ClInclude>
    <ClInclude Include="CLeftShose.h">
      <Filter>KMS\01. Obj\Player\Body\Bottom\Left</Filter>
    </ClInclude>
    <ClInclude Include="CRightDownLeg.h">
      <Filter>KMS\01. Obj\Player\Body\Bottom\RIght\RightLeg</Filter>
    </ClInclude>
    <ClInclude Include="CRightShose.h">
      <Filter>KMS\01. Obj\Player\Body\Bottom\RIght</Filter>
    </ClInclude>
    <ClInclude Include="CBox.h">
      <Filter>KJJ\01. Obj\03. Tiles</Filter>
    </ClInclude>
    <ClInclude Include="KJJ_CollisionMgr.h">
      <Filter>KJJ\02. Design</Filter>
    </ClInclude>
    <ClInclude Include="CKMSCollisionMgr.h">
      <Filter>KMS\01. Obj</Filter>
    </ClInclude>
    <ClInclude Include="CKMSLine.h">
      <Filter>KMS\01. Obj\Line</Filter>
    </ClInclude>
    <ClInclude Include="CLSYObjKnifeMark.h">
      <Filter>헤더 파일</Filter>
    </ClInclude>
    <ClInclude Include="CLSYObjMouse.h">
      <Filter>헤더 파일</Filter>
    </ClInclude>
    <ClInclude Include="LSYDefine.h">
      <Filter>헤더 파일</Filter>
    </ClInclude>
  </ItemGroup>
  <ItemGroup>
    <ClCompile Include="pch.cpp">
      <Filter>소스 파일</Filter>
    </ClCompile>
    <ClCompile Include="CMainGame.cpp">
      <Filter>00. MainGame</Filter>
    </ClCompile>
    <ClCompile Include="CObj.cpp">
      <Filter>01. Obj</Filter>
    </ClCompile>
    <ClCompile Include="CCollisionMgr.cpp">
      <Filter>02. Design\CollisionMgr</Filter>
    </ClCompile>
    <ClCompile Include="CObjMgr.cpp">
      <Filter>02. Design\ObjMgr</Filter>
    </ClCompile>
    <ClCompile Include="CScrollMgr.cpp">
      <Filter>02. Design\ScrollMgr</Filter>
    </ClCompile>
    <ClCompile Include="CKeyMgr.cpp">
      <Filter>02. Design\KeyMgr</Filter>
    </ClCompile>
    <ClCompile Include="CMyBitmap.cpp">
      <Filter>02. Design\BmpMgr\MyBitmap</Filter>
    </ClCompile>
    <ClCompile Include="CBmpMgr.cpp">
      <Filter>02. Design\BmpMgr</Filter>
    </ClCompile>
    <ClCompile Include="CScene.cpp">
      <Filter>03. Scene</Filter>
    </ClCompile>
    <ClCompile Include="CSceneMgr.cpp">
      <Filter>02. Design\SceneMgr</Filter>
    </ClCompile>
    <ClCompile Include="CTimeMgr.cpp">
      <Filter>02. Design\TimeMgr</Filter>
    </ClCompile>
    <ClCompile Include="CMenu.cpp">
      <Filter>03. Scene\Menu</Filter>
    </ClCompile>
    <ClCompile Include="CLSYObj.cpp">
      <Filter>LSY</Filter>
    </ClCompile>
    <ClCompile Include="CKMSObj.cpp">
      <Filter>KMS\01. Obj</Filter>
    </ClCompile>
    <ClCompile Include="CKMSScene.cpp">
      <Filter>KMS\02. Scene</Filter>
    </ClCompile>
    <ClCompile Include="CKMSPlayer.cpp">
      <Filter>KMS\01. Obj\Player\Body\Root</Filter>
    </ClCompile>
    <ClCompile Include="CPelvis.cpp">
      <Filter>KMS\01. Obj\Player\Body\Bottom</Filter>
    </ClCompile>
    <ClCompile Include="CLeftDownLeg.cpp">
      <Filter>KMS\01. Obj\Player\Body\Bottom\Left\LeftLeg</Filter>
    </ClCompile>
    <ClCompile Include="CLeftUpLeg.cpp">
      <Filter>KMS\01. Obj\Player\Body\Bottom\Left\LeftLeg</Filter>
    </ClCompile>
    <ClCompile Include="CRightUpLeg.cpp">
      <Filter>KMS\01. Obj\Player\Body\Bottom\RIght\RightLeg</Filter>
    </ClCompile>
    <ClCompile Include="DefaultWindow.cpp">
      <Filter>소스 파일</Filter>
    </ClCompile>
    <ClCompile Include="CKJJObj.cpp">
      <Filter>KJJ\01. Obj\00. Obj</Filter>
    </ClCompile>
    <ClCompile Include="CKJJ_Player.cpp">
      <Filter>KJJ\01. Obj\01. Player</Filter>
    </ClCompile>
    <ClCompile Include="CHammer.cpp">
      <Filter>KJJ\01. Obj\02. Hammer</Filter>
    </ClCompile>
    <ClCompile Include="CLSYObjFruit.cpp">
      <Filter>소스 파일</Filter>
    </ClCompile>
    <ClCompile Include="CDeltaMgr.cpp">
      <Filter>소스 파일</Filter>
    </ClCompile>
    <ClCompile Include="CSceneLSYTest.cpp">
      <Filter>소스 파일</Filter>
    </ClCompile>
    <ClCompile Include="CKJJObj.cpp">
      <Filter>KJJ\01. Obj\00. Obj</Filter>
    </ClCompile>
    <ClCompile Include="CKJJScene.cpp">
      <Filter>KJJ\00. Scene</Filter>
    </ClCompile>
    <ClCompile Include="CConstraint.cpp">
      <Filter>KMS\01. Obj\Player\Body\Constraint</Filter>
    </ClCompile>
    <ClCompile Include="CLeftShose.cpp">
      <Filter>KMS\01. Obj\Player\Body\Bottom\Left</Filter>
    </ClCompile>
    <ClCompile Include="CRightDownLeg.cpp">
      <Filter>KMS\01. Obj\Player\Body\Bottom\RIght\RightLeg</Filter>
    </ClCompile>
    <ClCompile Include="CRightShose.cpp">
      <Filter>KMS\01. Obj\Player\Body\Bottom\RIght</Filter>
    </ClCompile>
    <ClCompile Include="CBox.cpp">
      <Filter>KJJ\01. Obj\03. Tiles</Filter>
    </ClCompile>
    <ClCompile Include="KJJ_CollisionMgr.cpp">
      <Filter>KJJ\02. Design</Filter>
    </ClCompile>
    <ClCompile Include="CKMSCollisionMgr.cpp">
      <Filter>KMS\01. Obj</Filter>
    </ClCompile>
    <ClCompile Include="CKMSLine.cpp">
      <Filter>KMS\01. Obj\Line</Filter>
    </ClCompile>
    <ClCompile Include="CLSYObjKnifeMark.cpp">
      <Filter>소스 파일</Filter>
    </ClCompile>
    <ClCompile Include="CLSYObjMouse.cpp">
      <Filter>소스 파일</Filter>
    </ClCompile>
  </ItemGroup>
  <ItemGroup>
    <ResourceCompile Include="DefaultWindow.rc">
      <Filter>리소스 파일</Filter>
    </ResourceCompile>
  </ItemGroup>
  <ItemGroup>
    <Image Include="small.ico">
      <Filter>리소스 파일</Filter>
    </Image>
    <Image Include="DefaultWindow.ico">
      <Filter>리소스 파일</Filter>
    </Image>
  </ItemGroup>
</Project>