<?xml version="1.0" encoding="utf-8"?>
<Project ToolsVersion="4.0" xmlns="http://schemas.microsoft.com/developer/msbuild/2003">
  <ItemGroup>
    <Filter Include="소스 파일">
      <UniqueIdentifier>{4FC737F1-C7A5-4376-A066-2A32D752A2FF}</UniqueIdentifier>
      <Extensions>cpp;c;cc;cxx;c++;cppm;ixx;def;odl;idl;hpj;bat;asm;asmx</Extensions>
    </Filter>
    <Filter Include="헤더 파일">
      <UniqueIdentifier>{93995380-89BD-4b04-88EB-625FBE52EBFB}</UniqueIdentifier>
      <Extensions>h;hh;hpp;hxx;h++;hm;inl;inc;ipp;xsd</Extensions>
    </Filter>
    <Filter Include="리소스 파일">
      <UniqueIdentifier>{67DA6AB6-F800-4c08-8B7A-83BB121AAD01}</UniqueIdentifier>
      <Extensions>rc;ico;cur;bmp;dlg;rc2;rct;bin;rgs;gif;jpg;jpeg;jpe;resx;tiff;tif;png;wav;mfcribbon-ms</Extensions>
    </Filter>
    <Filter Include="00. MainGame">
      <UniqueIdentifier>{727a080b-da0e-4757-8c40-46b9ba7166c9}</UniqueIdentifier>
    </Filter>
    <Filter Include="01. Obj">
      <UniqueIdentifier>{63b3fc44-9e6f-431b-b6d7-3bc89fa56fa5}</UniqueIdentifier>
    </Filter>
    <Filter Include="02. Design">
      <UniqueIdentifier>{ffdf7463-742c-4697-8857-ab6fab52ce4b}</UniqueIdentifier>
    </Filter>
    <Filter Include="02. Design\AbstractFactory">
      <UniqueIdentifier>{0c328d06-6d44-420f-89d1-de3f32e14de9}</UniqueIdentifier>
    </Filter>
    <Filter Include="02. Design\CollisionMgr">
      <UniqueIdentifier>{6b6b3905-9a15-4c1b-bf70-df8a0a7c55fb}</UniqueIdentifier>
    </Filter>
    <Filter Include="02. Design\ObjMgr">
      <UniqueIdentifier>{b1c640ad-e248-44e9-a622-13cad04b4e32}</UniqueIdentifier>
    </Filter>
    <Filter Include="02. Design\ScrollMgr">
      <UniqueIdentifier>{03dbc8d8-4505-402a-9253-38d204e1ddb8}</UniqueIdentifier>
    </Filter>
    <Filter Include="02. Design\KeyMgr">
      <UniqueIdentifier>{8779d6fe-6532-4e76-83e3-73e5b4d613ea}</UniqueIdentifier>
    </Filter>
    <Filter Include="02. Design\BmpMgr">
      <UniqueIdentifier>{83a38fde-9229-406d-b705-065cd67fd5c6}</UniqueIdentifier>
    </Filter>
    <Filter Include="02. Design\BmpMgr\MyBitmap">
      <UniqueIdentifier>{d9285632-451b-4e4e-8147-4cc620211a1e}</UniqueIdentifier>
    </Filter>
    <Filter Include="03. Scene">
      <UniqueIdentifier>{8fa92f6c-70ac-440b-8a20-ee231fdc891f}</UniqueIdentifier>
    </Filter>
    <Filter Include="02. Design\SceneMgr">
      <UniqueIdentifier>{9932a6f8-439a-4fb4-9871-88971cdf39d7}</UniqueIdentifier>
    </Filter>
    <Filter Include="02. Design\TimeMgr">
      <UniqueIdentifier>{a97f2c2c-0aba-44ab-9602-4235bacc7608}</UniqueIdentifier>
    </Filter>
    <Filter Include="03. Scene\Menu">
      <UniqueIdentifier>{f8fad336-02fb-4620-9b26-dd577c3bfb38}</UniqueIdentifier>
    </Filter>
    <Filter Include="LSY">
      <UniqueIdentifier>{8e7aed05-3060-4d6c-8631-4758f112b759}</UniqueIdentifier>
    </Filter>
    <Filter Include="KMS">
      <UniqueIdentifier>{91ac3ffd-395e-4410-9922-6458253bf295}</UniqueIdentifier>
    </Filter>
    <Filter Include="KJJ">
      <UniqueIdentifier>{c5669117-d8ee-4a20-b705-b01841f3b429}</UniqueIdentifier>
    </Filter>
  </ItemGroup>
  <ItemGroup>
    <ClInclude Include="framework.h">
      <Filter>헤더 파일</Filter>
    </ClInclude>
    <ClInclude Include="targetver.h">
      <Filter>헤더 파일</Filter>
    </ClInclude>
    <ClInclude Include="Resource.h">
      <Filter>헤더 파일</Filter>
    </ClInclude>
    <ClInclude Include="DefaultWindow.h">
      <Filter>헤더 파일</Filter>
    </ClInclude>
    <ClInclude Include="pch.h">
      <Filter>헤더 파일</Filter>
    </ClInclude>
    <ClInclude Include="CMainGame.h">
      <Filter>00. MainGame</Filter>
    </ClInclude>
    <ClInclude Include="Define.h">
      <Filter>헤더 파일</Filter>
    </ClInclude>
    <ClInclude Include="CObj.h">
      <Filter>01. Obj</Filter>
    </ClInclude>
    <ClInclude Include="CAbstractFactory.h">
      <Filter>02. Design\AbstractFactory</Filter>
    </ClInclude>
    <ClInclude Include="CCollisionMgr.h">
      <Filter>02. Design\CollisionMgr</Filter>
    </ClInclude>
    <ClInclude Include="CObjMgr.h">
      <Filter>02. Design\ObjMgr</Filter>
    </ClInclude>
    <ClInclude Include="CScrollMgr.h">
      <Filter>02. Design\ScrollMgr</Filter>
    </ClInclude>
    <ClInclude Include="CKeyMgr.h">
      <Filter>02. Design\KeyMgr</Filter>
    </ClInclude>
    <ClInclude Include="CMyBitmap.h">
      <Filter>02. Design\BmpMgr\MyBitmap</Filter>
    </ClInclude>
    <ClInclude Include="CBmpMgr.h">
      <Filter>02. Design\BmpMgr</Filter>
    </ClInclude>
    <ClInclude Include="CScene.h">
      <Filter>03. Scene</Filter>
    </ClInclude>
    <ClInclude Include="CSceneMgr.h">
      <Filter>02. Design\SceneMgr</Filter>
    </ClInclude>
    <ClInclude Include="CTimeMgr.h">
      <Filter>02. Design\TimeMgr</Filter>
    </ClInclude>
    <ClInclude Include="CMenu.h">
      <Filter>03. Scene\Menu</Filter>
    </ClInclude>
    <ClInclude Include="CLSYObj.h">
      <Filter>LSY</Filter>
    </ClInclude>
    <ClInclude Include="CKJJObj.h">
      <Filter>헤더 파일</Filter>
    </ClInclude>
    <ClInclude Include="CKMSObj.h">
      <Filter>KMS</Filter>
    </ClInclude>
    <ClInclude Include="CKMSObj.h">
      <Filter>헤더 파일</Filter>
    </ClInclude>
    <ClInclude Include="CKJJObj.h">
      <Filter>KJJ</Filter>
    </ClInclude>
  </ItemGroup>
  <ItemGroup>
    <ClCompile Include="DefaultWindow.cpp">
      <Filter>소스 파일</Filter>
    </ClCompile>
    <ClCompile Include="pch.cpp">
      <Filter>소스 파일</Filter>
    </ClCompile>
    <ClCompile Include="CMainGame.cpp">
      <Filter>00. MainGame</Filter>
    </ClCompile>
    <ClCompile Include="CObj.cpp">
      <Filter>01. Obj</Filter>
    </ClCompile>
    <ClCompile Include="CCollisionMgr.cpp">
      <Filter>02. Design\CollisionMgr</Filter>
    </ClCompile>
    <ClCompile Include="CObjMgr.cpp">
      <Filter>02. Design\ObjMgr</Filter>
    </ClCompile>
    <ClCompile Include="CScrollMgr.cpp">
      <Filter>02. Design\ScrollMgr</Filter>
    </ClCompile>
    <ClCompile Include="CKeyMgr.cpp">
      <Filter>02. Design\KeyMgr</Filter>
    </ClCompile>
    <ClCompile Include="CMyBitmap.cpp">
      <Filter>02. Design\BmpMgr\MyBitmap</Filter>
    </ClCompile>
    <ClCompile Include="CBmpMgr.cpp">
      <Filter>02. Design\BmpMgr</Filter>
    </ClCompile>
    <ClCompile Include="CScene.cpp">
      <Filter>03. Scene</Filter>
    </ClCompile>
    <ClCompile Include="CSceneMgr.cpp">
      <Filter>02. Design\SceneMgr</Filter>
    </ClCompile>
    <ClCompile Include="CTimeMgr.cpp">
      <Filter>02. Design\TimeMgr</Filter>
    </ClCompile>
    <ClCompile Include="CMenu.cpp">
      <Filter>03. Scene\Menu</Filter>
    </ClCompile>
    <ClCompile Include="CLSYObj.cpp">
      <Filter>LSY</Filter>
    </ClCompile>
    <ClCompile Include="CKJJObj.cpp">
      <Filter>소스 파일</Filter>
    </ClCompile>
    <ClCompile Include="FileName.cpp">
      <Filter>소스 파일</Filter>
    </ClCompile>
    <ClCompile Include="CKMSObj.cpp">
      <Filter>KMS</Filter>
    </ClCompile>
    <ClCompile Include="CKMSObj.cpp">
      <Filter>소스 파일</Filter>
    </ClCompile>
    <ClCompile Include="FileName.cpp">
      <Filter>소스 파일</Filter>
    </ClCompile>
    <ClCompile Include="CKJJObj.cpp">
      <Filter>KJJ</Filter>
    </ClCompile>
  </ItemGroup>
  <ItemGroup>
    <ResourceCompile Include="DefaultWindow.rc">
      <Filter>리소스 파일</Filter>
    </ResourceCompile>
  </ItemGroup>
  <ItemGroup>
    <Image Include="small.ico">
      <Filter>리소스 파일</Filter>
    </Image>
    <Image Include="DefaultWindow.ico">
      <Filter>리소스 파일</Filter>
    </Image>
  </ItemGroup>
</Project>